
Microsoft Visual Studio Solution File, Format Version 12.00
# Visual Studio 15
VisualStudioVersion = 15.0.28307.1401
MinimumVisualStudioVersion = 10.0.40219.1
Project("{FAE04EC0-301F-11D3-BF4B-00C04F79EFBC}") = "Test_AKVELON", "Test_AKVELON\Test_AKVELON.csproj", "{31BC0A6F-AC6F-4434-ABDB-DCB0B976980A}"
EndProject
Project("{FAE04EC0-301F-11D3-BF4B-00C04F79EFBC}") = "UnitTests", "UnitTests\UnitTests.csproj", "{F60BED30-F3F7-4F38-B913-EB7D8664D449}"
EndProject
Global
	GlobalSection(SolutionConfigurationPlatforms) = preSolution
		Debug|Any CPU = Debug|Any CPU
		Release|Any CPU = Release|Any CPU
	EndGlobalSection
	GlobalSection(ProjectConfigurationPlatforms) = postSolution
		{31BC0A6F-AC6F-4434-ABDB-DCB0B976980A}.Debug|Any CPU.ActiveCfg = Debug|Any CPU
		{31BC0A6F-AC6F-4434-ABDB-DCB0B976980A}.Debug|Any CPU.Build.0 = Debug|Any CPU
		{31BC0A6F-AC6F-4434-ABDB-DCB0B976980A}.Release|Any CPU.ActiveCfg = Release|Any CPU
		{31BC0A6F-AC6F-4434-ABDB-DCB0B976980A}.Release|Any CPU.Build.0 = Release|Any CPU
		{F60BED30-F3F7-4F38-B913-EB7D8664D449}.Debug|Any CPU.ActiveCfg = Debug|Any CPU
		{F60BED30-F3F7-4F38-B913-EB7D8664D449}.Debug|Any CPU.Build.0 = Debug|Any CPU
		{F60BED30-F3F7-4F38-B913-EB7D8664D449}.Release|Any CPU.ActiveCfg = Release|Any CPU
		{F60BED30-F3F7-4F38-B913-EB7D8664D449}.Release|Any CPU.Build.0 = Release|Any CPU
	EndGlobalSection
	GlobalSection(SolutionProperties) = preSolution
		HideSolutionNode = FALSE
	EndGlobalSection
	GlobalSection(ExtensibilityGlobals) = postSolution
		SolutionGuid = {4D3C8A24-B162-47D1-AD83-D3A58F62C327}
	EndGlobalSection
EndGlobal
